
Microsoft Visual Studio Solution File, Format Version 12.00
# Visual Studio 14
VisualStudioVersion = 14.0.25123.0
MinimumVisualStudioVersion = 10.0.40219.1
Project("{5AA06BEA-ED3E-4D33-BAAB-C276DE714387}") = "Sitecore.Support.214241", "Sitecore.Support.214241\Sitecore.Support.214241.csproj", "{7BC26C7D-00E3-4373-8609-5050F6BEDBBB}"
EndProject
Global
	GlobalSection(SolutionConfigurationPlatforms) = preSolution
		Debug|Any CPU = Debug|Any CPU
		Release|Any CPU = Release|Any CPU
	EndGlobalSection
	GlobalSection(ProjectConfigurationPlatforms) = postSolution
		{7BC26C7D-00E3-4373-8609-5050F6BEDBBB}.Debug|Any CPU.ActiveCfg = Debug|Any CPU
		{7BC26C7D-00E3-4373-8609-5050F6BEDBBB}.Debug|Any CPU.Build.0 = Debug|Any CPU
		{7BC26C7D-00E3-4373-8609-5050F6BEDBBB}.Release|Any CPU.ActiveCfg = Release|Any CPU
		{7BC26C7D-00E3-4373-8609-5050F6BEDBBB}.Release|Any CPU.Build.0 = Release|Any CPU
	EndGlobalSection
	GlobalSection(SolutionProperties) = preSolution
		HideSolutionNode = FALSE
	EndGlobalSection
EndGlobal
